
Microsoft Visual Studio Solution File, Format Version 12.00
# Visual Studio 15
VisualStudioVersion = 15.0.26124.0
MinimumVisualStudioVersion = 15.0.26124.0
Project("{FAE04EC0-301F-11D3-BF4B-00C04F79EFBC}") = "PizzaBox.Client", "PizzaBox.Client\PizzaBox.Client.csproj", "{592BACB0-63BC-4204-AA21-9D048194E603}"
EndProject
Project("{FAE04EC0-301F-11D3-BF4B-00C04F79EFBC}") = "PizzaBox.Domain", "PizzaBox.Domain\PizzaBox.Domain.csproj", "{4CFC869D-E886-4177-BC1F-AA6F9128C5EC}"
EndProject
Project("{FAE04EC0-301F-11D3-BF4B-00C04F79EFBC}") = "PizzaBox.Testing", "PizzaBox.Testing\PizzaBox.Testing.csproj", "{897A351E-DDD7-4BCC-B63B-525545A89C7A}"
EndProject
Project("{FAE04EC0-301F-11D3-BF4B-00C04F79EFBC}") = "PizzaBox.Storage", "PizzaBox.Storage\PizzaBox.Storage.csproj", "{84F9E92C-0E95-4DCB-BBD4-EE7882FB1672}"
EndProject
Global
	GlobalSection(SolutionConfigurationPlatforms) = preSolution
		Debug|Any CPU = Debug|Any CPU
		Debug|x64 = Debug|x64
		Debug|x86 = Debug|x86
		Release|Any CPU = Release|Any CPU
		Release|x64 = Release|x64
		Release|x86 = Release|x86
	EndGlobalSection
	GlobalSection(SolutionProperties) = preSolution
		HideSolutionNode = FALSE
	EndGlobalSection
	GlobalSection(ProjectConfigurationPlatforms) = postSolution
		{592BACB0-63BC-4204-AA21-9D048194E603}.Debug|Any CPU.ActiveCfg = Debug|Any CPU
		{592BACB0-63BC-4204-AA21-9D048194E603}.Debug|Any CPU.Build.0 = Debug|Any CPU
		{592BACB0-63BC-4204-AA21-9D048194E603}.Debug|x64.ActiveCfg = Debug|Any CPU
		{592BACB0-63BC-4204-AA21-9D048194E603}.Debug|x64.Build.0 = Debug|Any CPU
		{592BACB0-63BC-4204-AA21-9D048194E603}.Debug|x86.ActiveCfg = Debug|Any CPU
		{592BACB0-63BC-4204-AA21-9D048194E603}.Debug|x86.Build.0 = Debug|Any CPU
		{592BACB0-63BC-4204-AA21-9D048194E603}.Release|Any CPU.ActiveCfg = Release|Any CPU
		{592BACB0-63BC-4204-AA21-9D048194E603}.Release|Any CPU.Build.0 = Release|Any CPU
		{592BACB0-63BC-4204-AA21-9D048194E603}.Release|x64.ActiveCfg = Release|Any CPU
		{592BACB0-63BC-4204-AA21-9D048194E603}.Release|x64.Build.0 = Release|Any CPU
		{592BACB0-63BC-4204-AA21-9D048194E603}.Release|x86.ActiveCfg = Release|Any CPU
		{592BACB0-63BC-4204-AA21-9D048194E603}.Release|x86.Build.0 = Release|Any CPU
		{4CFC869D-E886-4177-BC1F-AA6F9128C5EC}.Debug|Any CPU.ActiveCfg = Debug|Any CPU
		{4CFC869D-E886-4177-BC1F-AA6F9128C5EC}.Debug|Any CPU.Build.0 = Debug|Any CPU
		{4CFC869D-E886-4177-BC1F-AA6F9128C5EC}.Debug|x64.ActiveCfg = Debug|Any CPU
		{4CFC869D-E886-4177-BC1F-AA6F9128C5EC}.Debug|x64.Build.0 = Debug|Any CPU
		{4CFC869D-E886-4177-BC1F-AA6F9128C5EC}.Debug|x86.ActiveCfg = Debug|Any CPU
		{4CFC869D-E886-4177-BC1F-AA6F9128C5EC}.Debug|x86.Build.0 = Debug|Any CPU
		{4CFC869D-E886-4177-BC1F-AA6F9128C5EC}.Release|Any CPU.ActiveCfg = Release|Any CPU
		{4CFC869D-E886-4177-BC1F-AA6F9128C5EC}.Release|Any CPU.Build.0 = Release|Any CPU
		{4CFC869D-E886-4177-BC1F-AA6F9128C5EC}.Release|x64.ActiveCfg = Release|Any CPU
		{4CFC869D-E886-4177-BC1F-AA6F9128C5EC}.Release|x64.Build.0 = Release|Any CPU
		{4CFC869D-E886-4177-BC1F-AA6F9128C5EC}.Release|x86.ActiveCfg = Release|Any CPU
		{4CFC869D-E886-4177-BC1F-AA6F9128C5EC}.Release|x86.Build.0 = Release|Any CPU
		{897A351E-DDD7-4BCC-B63B-525545A89C7A}.Debug|Any CPU.ActiveCfg = Debug|Any CPU
		{897A351E-DDD7-4BCC-B63B-525545A89C7A}.Debug|Any CPU.Build.0 = Debug|Any CPU
		{897A351E-DDD7-4BCC-B63B-525545A89C7A}.Debug|x64.ActiveCfg = Debug|Any CPU
		{897A351E-DDD7-4BCC-B63B-525545A89C7A}.Debug|x64.Build.0 = Debug|Any CPU
		{897A351E-DDD7-4BCC-B63B-525545A89C7A}.Debug|x86.ActiveCfg = Debug|Any CPU
		{897A351E-DDD7-4BCC-B63B-525545A89C7A}.Debug|x86.Build.0 = Debug|Any CPU
		{897A351E-DDD7-4BCC-B63B-525545A89C7A}.Release|Any CPU.ActiveCfg = Release|Any CPU
		{897A351E-DDD7-4BCC-B63B-525545A89C7A}.Release|Any CPU.Build.0 = Release|Any CPU
		{897A351E-DDD7-4BCC-B63B-525545A89C7A}.Release|x64.ActiveCfg = Release|Any CPU
		{897A351E-DDD7-4BCC-B63B-525545A89C7A}.Release|x64.Build.0 = Release|Any CPU
		{897A351E-DDD7-4BCC-B63B-525545A89C7A}.Release|x86.ActiveCfg = Release|Any CPU
		{897A351E-DDD7-4BCC-B63B-525545A89C7A}.Release|x86.Build.0 = Release|Any CPU
		{84F9E92C-0E95-4DCB-BBD4-EE7882FB1672}.Debug|Any CPU.ActiveCfg = Debug|Any CPU
		{84F9E92C-0E95-4DCB-BBD4-EE7882FB1672}.Debug|Any CPU.Build.0 = Debug|Any CPU
		{84F9E92C-0E95-4DCB-BBD4-EE7882FB1672}.Debug|x64.ActiveCfg = Debug|Any CPU
		{84F9E92C-0E95-4DCB-BBD4-EE7882FB1672}.Debug|x64.Build.0 = Debug|Any CPU
		{84F9E92C-0E95-4DCB-BBD4-EE7882FB1672}.Debug|x86.ActiveCfg = Debug|Any CPU
		{84F9E92C-0E95-4DCB-BBD4-EE7882FB1672}.Debug|x86.Build.0 = Debug|Any CPU
		{84F9E92C-0E95-4DCB-BBD4-EE7882FB1672}.Release|Any CPU.ActiveCfg = Release|Any CPU
		{84F9E92C-0E95-4DCB-BBD4-EE7882FB1672}.Release|Any CPU.Build.0 = Release|Any CPU
		{84F9E92C-0E95-4DCB-BBD4-EE7882FB1672}.Release|x64.ActiveCfg = Release|Any CPU
		{84F9E92C-0E95-4DCB-BBD4-EE7882FB1672}.Release|x64.Build.0 = Release|Any CPU
		{84F9E92C-0E95-4DCB-BBD4-EE7882FB1672}.Release|x86.ActiveCfg = Release|Any CPU
		{84F9E92C-0E95-4DCB-BBD4-EE7882FB1672}.Release|x86.Build.0 = Release|Any CPU
	EndGlobalSection
EndGlobal
